cryptography==49.0.0 --hash=sha256:e5dfc1e64de5677cec922ffa8da89c546d0415bf6efdf081842e5d44c84e1f0e
websockets==16.1.1 --hash=sha256:b436f6ec4fc3a6b4237c84d3f83170ed2b40bb584222f0ac47a0c8a5921980c7
cffi==2.1.1 --hash=sha256:f53e442b08449d42821fa4a4fba000095af9f62742a500f978a9f557ec44339a
pycparser==3.0 --hash=sha256:b727414169a36b7d524c1c3e31839a521725078d7b2ff038656844266160a992
